
Microsoft Visual Studio Solution File, Format Version 12.00
# Visual Studio Version 17
VisualStudioVersion = 17.0.32112.339
MinimumVisualStudioVersion = 10.0.40219.1
Project("{FAE04EC0-301F-11D3-BF4B-00C04F79EFBC}") = "HashTable", "HashTable\HashTable.csproj", "{266F0467-8072-49AC-9CE5-D449B83EBE61}"
EndProject
Global
	GlobalSection(SolutionConfigurationPlatforms) = preSolution
		Debug|Any CPU = Debug|Any CPU
		Release|Any CPU = Release|Any CPU
	EndGlobalSection
	GlobalSection(ProjectConfigurationPlatforms) = postSolution
		{266F0467-8072-49AC-9CE5-D449B83EBE61}.Debug|Any CPU.ActiveCfg = Debug|Any CPU
		{266F0467-8072-49AC-9CE5-D449B83EBE61}.Debug|Any CPU.Build.0 = Debug|Any CPU
		{266F0467-8072-49AC-9CE5-D449B83EBE61}.Release|Any CPU.ActiveCfg = Release|Any CPU
		{266F0467-8072-49AC-9CE5-D449B83EBE61}.Release|Any CPU.Build.0 = Release|Any CPU
	EndGlobalSection
	GlobalSection(SolutionProperties) = preSolution
		HideSolutionNode = FALSE
	EndGlobalSection
	GlobalSection(ExtensibilityGlobals) = postSolution
		SolutionGuid = {8C044BF2-F09A-41B9-93E7-B5399FC4F129}
	EndGlobalSection
EndGlobal
